
Microsoft Visual Studio Solution File, Format Version 10.00
# Visual Studio 2008
Project("{FAE04EC0-301F-11D3-BF4B-00C04F79EFBC}") = "CDRatio", "CDRatio\CDRatio.csproj", "{3246A519-E2BD-4A41-AFCD-5C5302822A91}"
EndProject
Global
	GlobalSection(SolutionConfigurationPlatforms) = preSolution
		Debug|Any CPU = Debug|Any CPU
		Release|Any CPU = Release|Any CPU
	EndGlobalSection
	GlobalSection(ProjectConfigurationPlatforms) = postSolution
		{3246A519-E2BD-4A41-AFCD-5C5302822A91}.Debug|Any CPU.ActiveCfg = Debug|Any CPU
		{3246A519-E2BD-4A41-AFCD-5C5302822A91}.Debug|Any CPU.Build.0 = Debug|Any CPU
		{3246A519-E2BD-4A41-AFCD-5C5302822A91}.Release|Any CPU.ActiveCfg = Release|Any CPU
		{3246A519-E2BD-4A41-AFCD-5C5302822A91}.Release|Any CPU.Build.0 = Release|Any CPU
	EndGlobalSection
	GlobalSection(SolutionProperties) = preSolution
		HideSolutionNode = FALSE
	EndGlobalSection
EndGlobal
